
Microsoft Visual Studio Solution File, Format Version 12.00
# Visual Studio Version 17
VisualStudioVersion = 17.10.34916.146
MinimumVisualStudioVersion = 10.0.40219.1
Project("{FAE04EC0-301F-11D3-BF4B-00C04F79EFBC}") = "ShowMilhao", "ShowMilhao.csproj", "{DBD0DE1A-89D9-4FA3-9193-A54273A571E8}"
EndProject
Global
	GlobalSection(SolutionConfigurationPlatforms) = preSolution
		Debug|Any CPU = Debug|Any CPU
		Release|Any CPU = Release|Any CPU
	EndGlobalSection
	GlobalSection(ProjectConfigurationPlatforms) = postSolution
		{DBD0DE1A-89D9-4FA3-9193-A54273A571E8}.Debug|Any CPU.ActiveCfg = Debug|Any CPU
		{DBD0DE1A-89D9-4FA3-9193-A54273A571E8}.Debug|Any CPU.Build.0 = Debug|Any CPU
		{DBD0DE1A-89D9-4FA3-9193-A54273A571E8}.Release|Any CPU.ActiveCfg = Release|Any CPU
		{DBD0DE1A-89D9-4FA3-9193-A54273A571E8}.Release|Any CPU.Build.0 = Release|Any CPU
	EndGlobalSection
	GlobalSection(SolutionProperties) = preSolution
		HideSolutionNode = FALSE
	EndGlobalSection
	GlobalSection(ExtensibilityGlobals) = postSolution
		SolutionGuid = {09E59407-CB4D-4352-B23B-DA63290DA3EF}
	EndGlobalSection
EndGlobal
